
Microsoft Visual Studio Solution File, Format Version 12.00
# Visual Studio Version 17
VisualStudioVersion = 17.4.33403.182
MinimumVisualStudioVersion = 10.0.40219.1
Project("{FAE04EC0-301F-11D3-BF4B-00C04F79EFBC}") = "CalculatorFormProject", "CalculatorFormProject\CalculatorFormProject.csproj", "{EF83946C-43B9-4D4A-A38A-22B435828D39}"
EndProject
Global
	GlobalSection(SolutionConfigurationPlatforms) = preSolution
		Debug|Any CPU = Debug|Any CPU
		Release|Any CPU = Release|Any CPU
	EndGlobalSection
	GlobalSection(ProjectConfigurationPlatforms) = postSolution
		{EF83946C-43B9-4D4A-A38A-22B435828D39}.Debug|Any CPU.ActiveCfg = Debug|Any CPU
		{EF83946C-43B9-4D4A-A38A-22B435828D39}.Debug|Any CPU.Build.0 = Debug|Any CPU
		{EF83946C-43B9-4D4A-A38A-22B435828D39}.Release|Any CPU.ActiveCfg = Release|Any CPU
		{EF83946C-43B9-4D4A-A38A-22B435828D39}.Release|Any CPU.Build.0 = Release|Any CPU
	EndGlobalSection
	GlobalSection(SolutionProperties) = preSolution
		HideSolutionNode = FALSE
	EndGlobalSection
	GlobalSection(ExtensibilityGlobals) = postSolution
		SolutionGuid = {6FFE8B3D-2912-4951-82FB-AEE4814AA5A4}
	EndGlobalSection
EndGlobal
